
Microsoft Visual Studio Solution File, Format Version 12.00
# Visual Studio Version 16
VisualStudioVersion = 16.0.30320.27
MinimumVisualStudioVersion = 10.0.40219.1
Project("{FAE04EC0-301F-11D3-BF4B-00C04F79EFBC}") = "pdfViewer", "pdfViewer\pdfViewer.csproj", "{CDA0B733-43D0-4461-9148-F3A17957CCC1}"
EndProject
Global
	GlobalSection(SolutionConfigurationPlatforms) = preSolution
		Debug|Any CPU = Debug|Any CPU
		Release|Any CPU = Release|Any CPU
	EndGlobalSection
	GlobalSection(ProjectConfigurationPlatforms) = postSolution
		{CDA0B733-43D0-4461-9148-F3A17957CCC1}.Debug|Any CPU.ActiveCfg = Debug|Any CPU
		{CDA0B733-43D0-4461-9148-F3A17957CCC1}.Debug|Any CPU.Build.0 = Debug|Any CPU
		{CDA0B733-43D0-4461-9148-F3A17957CCC1}.Release|Any CPU.ActiveCfg = Release|Any CPU
		{CDA0B733-43D0-4461-9148-F3A17957CCC1}.Release|Any CPU.Build.0 = Release|Any CPU
	EndGlobalSection
	GlobalSection(SolutionProperties) = preSolution
		HideSolutionNode = FALSE
	EndGlobalSection
	GlobalSection(ExtensibilityGlobals) = postSolution
		SolutionGuid = {4F68125A-5503-4A6A-BEA9-8710DA651EB7}
	EndGlobalSection
EndGlobal
